uuid: 34b7b0d2-d5ff-4100-909c-cc0ba442e670
langcode: en
status: true
dependencies:
  module:
    - system
    - twitter_feed
  theme:
    - barrio_sub
id: twitterfeedblock
theme: barrio_sub
region: sidebar_second
weight: -11
provider: null
plugin: twitter_feed_block
settings:
  id: twitter_feed_block
  label: 'Twitter feed block'
  provider: twitter_feed
  label_display: visible
  number_of_tweets: '3'
  username: '@EdiblesWYorks'
  display_images: true
  display_avatars: false
visibility:
  request_path:
    id: request_path
    pages: "<front>\r\n/test-page"
    negate: false
    context_mapping: {  }
